
Microsoft Visual Studio Solution File, Format Version 12.00
# Visual Studio Version 17
VisualStudioVersion = 17.0.31612.314
MinimumVisualStudioVersion = 10.0.40219.1
Project("{FAE04EC0-301F-11D3-BF4B-00C04F79EFBC}") = "Calculator", "Calculator\Calculator.csproj", "{7EC93C38-B028-4619-B5BC-4285285F031A}"
EndProject
Global
	GlobalSection(SolutionConfigurationPlatforms) = preSolution
		Debug|Any CPU = Debug|Any CPU
		Release|Any CPU = Release|Any CPU
	EndGlobalSection
	GlobalSection(ProjectConfigurationPlatforms) = postSolution
		{7EC93C38-B028-4619-B5BC-4285285F031A}.Debug|Any CPU.ActiveCfg = Debug|Any CPU
		{7EC93C38-B028-4619-B5BC-4285285F031A}.Debug|Any CPU.Build.0 = Debug|Any CPU
		{7EC93C38-B028-4619-B5BC-4285285F031A}.Release|Any CPU.ActiveCfg = Release|Any CPU
		{7EC93C38-B028-4619-B5BC-4285285F031A}.Release|Any CPU.Build.0 = Release|Any CPU
	EndGlobalSection
	GlobalSection(SolutionProperties) = preSolution
		HideSolutionNode = FALSE
	EndGlobalSection
	GlobalSection(ExtensibilityGlobals) = postSolution
		SolutionGuid = {A1F94B3F-5DEA-4AE0-8ECA-6CD1A5D53E4F}
	EndGlobalSection
EndGlobal
